{
  "lockfileVersion": 1,
  "workspaces": {
    "": {
      "name": "jikan4.js",
      "dependencies": {
        "tslib": "^2.8.1",
      },
      "devDependencies": {
        "@types/web": "^0.0.213",
      },
    },
  },
  "packages": {
    "@types/web": ["@types/web@0.0.213", "", {}, "sha512-LuVykOBqlH+P9GI9Q2IWL3bwoV9oJqVGfjutUW0c1LJL4Jdceq5455cJHwcjyhip7+w9hmgv9IvaKXf+FWvRNg=="],

    "tslib": ["tslib@2.8.1", "", {}, "sha512-oJFu94HQb+KVduSUQL7wnpmqnfmLsOA/nAh6b6EH0wCEoK0/mPeXU6c3wKDV83MkOuHPRHtSXKKU99IBazS/2w=="],
  }
}
